
Microsoft Visual Studio Solution File, Format Version 12.00
# Visual Studio Version 17
VisualStudioVersion = 17.7.34221.43
MinimumVisualStudioVersion = 10.0.40219.1
Project("{FAE04EC0-301F-11D3-BF4B-00C04F79EFBC}") = "harjoitus 8 KT", "harjoitus 8 KT\harjoitus 8 KT.csproj", "{FC53B846-4BE1-4CFC-866C-8610D3BB39B1}"
EndProject
Global
	GlobalSection(SolutionConfigurationPlatforms) = preSolution
		Debug|Any CPU = Debug|Any CPU
		Release|Any CPU = Release|Any CPU
	EndGlobalSection
	GlobalSection(ProjectConfigurationPlatforms) = postSolution
		{FC53B846-4BE1-4CFC-866C-8610D3BB39B1}.Debug|Any CPU.ActiveCfg = Debug|Any CPU
		{FC53B846-4BE1-4CFC-866C-8610D3BB39B1}.Debug|Any CPU.Build.0 = Debug|Any CPU
		{FC53B846-4BE1-4CFC-866C-8610D3BB39B1}.Release|Any CPU.ActiveCfg = Release|Any CPU
		{FC53B846-4BE1-4CFC-866C-8610D3BB39B1}.Release|Any CPU.Build.0 = Release|Any CPU
	EndGlobalSection
	GlobalSection(SolutionProperties) = preSolution
		HideSolutionNode = FALSE
	EndGlobalSection
	GlobalSection(ExtensibilityGlobals) = postSolution
		SolutionGuid = {33C733AE-C432-4367-AA24-B4E8A1A3358D}
	EndGlobalSection
EndGlobal
