
Microsoft Visual Studio Solution File, Format Version 12.00
# Visual Studio Version 17
VisualStudioVersion = 17.7.34221.43
MinimumVisualStudioVersion = 10.0.40219.1
Project("{FAE04EC0-301F-11D3-BF4B-00C04F79EFBC}") = "harjoitus 19", "harjoitus 19\harjoitus 19.csproj", "{7C9D8FE3-2AC8-4808-8E9C-20327154824F}"
EndProject
Global
	GlobalSection(SolutionConfigurationPlatforms) = preSolution
		Debug|Any CPU = Debug|Any CPU
		Release|Any CPU = Release|Any CPU
	EndGlobalSection
	GlobalSection(ProjectConfigurationPlatforms) = postSolution
		{7C9D8FE3-2AC8-4808-8E9C-20327154824F}.Debug|Any CPU.ActiveCfg = Debug|Any CPU
		{7C9D8FE3-2AC8-4808-8E9C-20327154824F}.Debug|Any CPU.Build.0 = Debug|Any CPU
		{7C9D8FE3-2AC8-4808-8E9C-20327154824F}.Release|Any CPU.ActiveCfg = Release|Any CPU
		{7C9D8FE3-2AC8-4808-8E9C-20327154824F}.Release|Any CPU.Build.0 = Release|Any CPU
	EndGlobalSection
	GlobalSection(SolutionProperties) = preSolution
		HideSolutionNode = FALSE
	EndGlobalSection
	GlobalSection(ExtensibilityGlobals) = postSolution
		SolutionGuid = {FECECB73-0C95-4383-94BA-5FF923C0A29A}
	EndGlobalSection
EndGlobal
