
Microsoft Visual Studio Solution File, Format Version 12.00
# Visual Studio Version 17
VisualStudioVersion = 17.3.32929.385
MinimumVisualStudioVersion = 10.0.40219.1
Project("{FAE04EC0-301F-11D3-BF4B-00C04F79EFBC}") = "harjoitus 12", "harjoitus 12\harjoitus 12.csproj", "{C8FFF014-66E0-46B5-ADBB-E8B97DE35BA4}"
EndProject
Global
	GlobalSection(SolutionConfigurationPlatforms) = preSolution
		Debug|Any CPU = Debug|Any CPU
		Release|Any CPU = Release|Any CPU
	EndGlobalSection
	GlobalSection(ProjectConfigurationPlatforms) = postSolution
		{C8FFF014-66E0-46B5-ADBB-E8B97DE35BA4}.Debug|Any CPU.ActiveCfg = Debug|Any CPU
		{C8FFF014-66E0-46B5-ADBB-E8B97DE35BA4}.Debug|Any CPU.Build.0 = Debug|Any CPU
		{C8FFF014-66E0-46B5-ADBB-E8B97DE35BA4}.Release|Any CPU.ActiveCfg = Release|Any CPU
		{C8FFF014-66E0-46B5-ADBB-E8B97DE35BA4}.Release|Any CPU.Build.0 = Release|Any CPU
	EndGlobalSection
	GlobalSection(SolutionProperties) = preSolution
		HideSolutionNode = FALSE
	EndGlobalSection
	GlobalSection(ExtensibilityGlobals) = postSolution
		SolutionGuid = {1F14539A-DCEA-470B-AEF9-C22D238A5F63}
	EndGlobalSection
EndGlobal
