
Microsoft Visual Studio Solution File, Format Version 12.00
# Visual Studio Version 17
VisualStudioVersion = 17.3.32929.385
MinimumVisualStudioVersion = 10.0.40219.1
Project("{FAE04EC0-301F-11D3-BF4B-00C04F79EFBC}") = "Harjoitus 5", "Laskin\Harjoitus 5.csproj", "{9F602394-C0B9-46A2-BB81-BE4AAE808F57}"
EndProject
Global
	GlobalSection(SolutionConfigurationPlatforms) = preSolution
		Debug|Any CPU = Debug|Any CPU
		Release|Any CPU = Release|Any CPU
	EndGlobalSection
	GlobalSection(ProjectConfigurationPlatforms) = postSolution
		{9F602394-C0B9-46A2-BB81-BE4AAE808F57}.Debug|Any CPU.ActiveCfg = Debug|Any CPU
		{9F602394-C0B9-46A2-BB81-BE4AAE808F57}.Debug|Any CPU.Build.0 = Debug|Any CPU
		{9F602394-C0B9-46A2-BB81-BE4AAE808F57}.Release|Any CPU.ActiveCfg = Release|Any CPU
		{9F602394-C0B9-46A2-BB81-BE4AAE808F57}.Release|Any CPU.Build.0 = Release|Any CPU
	EndGlobalSection
	GlobalSection(SolutionProperties) = preSolution
		HideSolutionNode = FALSE
	EndGlobalSection
	GlobalSection(ExtensibilityGlobals) = postSolution
		SolutionGuid = {F6916DD6-4C27-4485-9C67-57369E7A3D18}
	EndGlobalSection
EndGlobal
